// !$*UTF8*$!
{
	archiveVersion = 1;
	classes = {
	};
	objectVersion = 77;
	objects = {

/* Begin PBXBuildFile section */
		2FAEE0E92E0CB8AF0090D26D /* ChangeBlueBirdLogoBack Extension.appex in Embed Foundation Extensions */ = {isa = PBXBuildFile; fileRef = 2FAEE0E82E0CB8AF0090D26D /* ChangeBlueBirdLogoBack Extension.appex */; settings = {ATTRIBUTES = (RemoveHeadersOnCopy, ); }; };
		2FAEE0F32E0CB8AF0090D26D /* ChangeBlueBirdLogoBack Extension.appex in Embed Foundation Extensions */ = {isa = PBXBuildFile; fileRef = 2FAEE0F22E0CB8AF0090D26D /* ChangeBlueBirdLogoBack Extension.appex */; settings = {ATTRIBUTES = (RemoveHeadersOnCopy, ); }; };
/* End PBXBuildFile section */

/* Begin PBXContainerItemProxy section */
		2FAEE0EA2E0CB8AF0090D26D /* PBXContainerItemProxy */ = {
			isa = PBXContainerItemProxy;
			containerPortal = 2FAEE0AE2E0CB8AD0090D26D /* Project object */;
			proxyType = 1;
			remoteGlobalIDString = 2FAEE0E72E0CB8AF0090D26D;
			remoteInfo = "ChangeBlueBirdLogoBack Extension (iOS)";
		};
		2FAEE0F42E0CB8AF0090D26D /* PBXContainerItemProxy */ = {
			isa = PBXContainerItemProxy;
			containerPortal = 2FAEE0AE2E0CB8AD0090D26D /* Project object */;
			proxyType = 1;
			remoteGlobalIDString = 2FAEE0F12E0CB8AF0090D26D;
			remoteInfo = "ChangeBlueBirdLogoBack Extension (macOS)";
		};
/* End PBXContainerItemProxy section */

/* Begin PBXCopyFilesBuildPhase section */
		2FAEE11C2E0CB8B00090D26D /* Embed Foundation Extensions */ = {
			isa = PBXCopyFilesBuildPhase;
			buildActionMask = 2147483647;
			dstPath = "";
			dstSubfolderSpec = 13;
			files = (
				2FAEE0E92E0CB8AF0090D26D /* ChangeBlueBirdLogoBack Extension.appex in Embed Foundation Extensions */,
			);
			name = "Embed Foundation Extensions";
			runOnlyForDeploymentPostprocessing = 0;
		};
		2FAEE1262E0CB8B00090D26D /* Embed Foundation Extensions */ = {
			isa = PBXCopyFilesBuildPhase;
			buildActionMask = 2147483647;
			dstPath = "";
			dstSubfolderSpec = 13;
			files = (
				2FAEE0F32E0CB8AF0090D26D /* ChangeBlueBirdLogoBack Extension.appex in Embed Foundation Extensions */,
			);
			name = "Embed Foundation Extensions";
			runOnlyForDeploymentPostprocessing = 0;
		};
/* End PBXCopyFilesBuildPhase section */

/* Begin PBXFileReference section */
		2FAEE0CA2E0CB8AF0090D26D /* ChangeBlueBirdLogoBack.app */ = {isa = PBXFileReference; explicitFileType = wrapper.application; includeInIndex = 0; path = ChangeBlueBirdLogoBack.app; sourceTree = BUILT_PRODUCTS_DIR; };
		2FAEE0DC2E0CB8AF0090D26D /* ChangeBlueBirdLogoBack.app */ = {isa = PBXFileReference; explicitFileType = wrapper.application; includeInIndex = 0; path = ChangeBlueBirdLogoBack.app; sourceTree = BUILT_PRODUCTS_DIR; };
		2FAEE0E82E0CB8AF0090D26D /* ChangeBlueBirdLogoBack Extension.appex */ = {isa = PBXFileReference; explicitFileType = "wrapper.app-extension"; includeInIndex = 0; path = "ChangeBlueBirdLogoBack Extension.appex"; sourceTree = BUILT_PRODUCTS_DIR; };
		2FAEE0F22E0CB8AF0090D26D /* ChangeBlueBirdLogoBack Extension.appex */ = {isa = PBXFileReference; explicitFileType = "wrapper.app-extension"; includeInIndex = 0; path = "ChangeBlueBirdLogoBack Extension.appex"; sourceTree = BUILT_PRODUCTS_DIR; };
/* End PBXFileReference section */

/* Begin PBXFileSystemSynchronizedBuildFileExceptionSet section */
		2FAEE1172E0CB8B00090D26D /* Exceptions for "Shared (App)" folder in "ChangeBlueBirdLogoBack (iOS)" target */ = {
			isa = PBXFileSystemSynchronizedBuildFileExceptionSet;
			membershipExceptions = (
				"/Localized: Resources/Main.html",
				Assets.xcassets,
				Resources/Icon.png,
				Resources/Script.js,
				Resources/Style.css,
				ViewController.swift,
			);
			target = 2FAEE0C92E0CB8AF0090D26D /* ChangeBlueBirdLogoBack (iOS) */;
		};
		2FAEE11B2E0CB8B00090D26D /* Exceptions for "iOS (Extension)" folder in "ChangeBlueBirdLogoBack Extension (iOS)" target */ = {
			isa = PBXFileSystemSynchronizedBuildFileExceptionSet;
			membershipExceptions = (
				Info.plist,
			);
			target = 2FAEE0E72E0CB8AF0090D26D /* ChangeBlueBirdLogoBack Extension (iOS) */;
		};
		2FAEE1202E0CB8B00090D26D /* Exceptions for "iOS (App)" folder in "ChangeBlueBirdLogoBack (iOS)" target */ = {
			isa = PBXFileSystemSynchronizedBuildFileExceptionSet;
			membershipExceptions = (
				Info.plist,
			);
			target = 2FAEE0C92E0CB8AF0090D26D /* ChangeBlueBirdLogoBack (iOS) */;
		};
		2FAEE1212E0CB8B00090D26D /* Exceptions for "Shared (App)" folder in "ChangeBlueBirdLogoBack (macOS)" target */ = {
			isa = PBXFileSystemSynchronizedBuildFileExceptionSet;
			membershipExceptions = (
				"/Localized: Resources/Main.html",
				Assets.xcassets,
				Resources/Icon.png,
				Resources/Script.js,
				Resources/Style.css,
				ViewController.swift,
			);
			target = 2FAEE0DB2E0CB8AF0090D26D /* ChangeBlueBirdLogoBack (macOS) */;
		};
		2FAEE1252E0CB8B00090D26D /* Exceptions for "macOS (Extension)" folder in "ChangeBlueBirdLogoBack Extension (macOS)" target */ = {
			isa = PBXFileSystemSynchronizedBuildFileExceptionSet;
			membershipExceptions = (
				Info.plist,
			);
			target = 2FAEE0F12E0CB8AF0090D26D /* ChangeBlueBirdLogoBack Extension (macOS) */;
		};
		2FAEE12A2E0CB8B00090D26D /* Exceptions for "Shared (Extension)" folder in "ChangeBlueBirdLogoBack Extension (iOS)" target */ = {
			isa = PBXFileSystemSynchronizedBuildFileExceptionSet;
			membershipExceptions = (
				Resources/_locales,
				Resources/background.js,
				Resources/content.js,
				Resources/images,
				Resources/manifest.json,
				Resources/popup.css,
				Resources/popup.html,
				Resources/popup.js,
				SafariWebExtensionHandler.swift,
			);
			target = 2FAEE0E72E0CB8AF0090D26D /* ChangeBlueBirdLogoBack Extension (iOS) */;
		};
		2FAEE12B2E0CB8B00090D26D /* Exceptions for "Shared (Extension)" folder in "ChangeBlueBirdLogoBack Extension (macOS)" target */ = {
			isa = PBXFileSystemSynchronizedBuildFileExceptionSet;
			membershipExceptions = (
				Resources/_locales,
				Resources/background.js,
				Resources/content.js,
				Resources/images,
				Resources/manifest.json,
				Resources/popup.css,
				Resources/popup.html,
				Resources/popup.js,
				SafariWebExtensionHandler.swift,
			);
			target = 2FAEE0F12E0CB8AF0090D26D /* ChangeBlueBirdLogoBack Extension (macOS) */;
		};
/* End PBXFileSystemSynchronizedBuildFileExceptionSet section */

/* Begin PBXFileSystemSynchronizedRootGroup section */
		2FAEE0B22E0CB8AD0090D26D /* Shared (App) */ = {
			isa = PBXFileSystemSynchronizedRootGroup;
			exceptions = (
				2FAEE1172E0CB8B00090D26D /* Exceptions for "Shared (App)" folder in "ChangeBlueBirdLogoBack (iOS)" target */,
				2FAEE1212E0CB8B00090D26D /* Exceptions for "Shared (App)" folder in "ChangeBlueBirdLogoBack (macOS)" target */,
			);
			path = "Shared (App)";
			sourceTree = "<group>";
		};
		2FAEE0BB2E0CB8AF0090D26D /* Shared (Extension) */ = {
			isa = PBXFileSystemSynchronizedRootGroup;
			exceptions = (
				2FAEE12A2E0CB8B00090D26D /* Exceptions for "Shared (Extension)" folder in "ChangeBlueBirdLogoBack Extension (iOS)" target */,
				2FAEE12B2E0CB8B00090D26D /* Exceptions for "Shared (Extension)" folder in "ChangeBlueBirdLogoBack Extension (macOS)" target */,
			);
			explicitFolders = (
				Resources/_locales,
				Resources/images,
			);
			path = "Shared (Extension)";
			sourceTree = "<group>";
		};
		2FAEE0CC2E0CB8AF0090D26D /* iOS (App) */ = {
			isa = PBXFileSystemSynchronizedRootGroup;
			exceptions = (
				2FAEE1202E0CB8B00090D26D /* Exceptions for "iOS (App)" folder in "ChangeBlueBirdLogoBack (iOS)" target */,
			);
			path = "iOS (App)";
			sourceTree = "<group>";
		};
		2FAEE0DD2E0CB8AF0090D26D /* macOS (App) */ = {
			isa = PBXFileSystemSynchronizedRootGroup;
			path = "macOS (App)";
			sourceTree = "<group>";
		};
		2FAEE0EC2E0CB8AF0090D26D /* iOS (Extension) */ = {
			isa = PBXFileSystemSynchronizedRootGroup;
			exceptions = (
				2FAEE11B2E0CB8B00090D26D /* Exceptions for "iOS (Extension)" folder in "ChangeBlueBirdLogoBack Extension (iOS)" target */,
			);
			path = "iOS (Extension)";
			sourceTree = "<group>";
		};
		2FAEE0F62E0CB8AF0090D26D /* macOS (Extension) */ = {
			isa = PBXFileSystemSynchronizedRootGroup;
			exceptions = (
				2FAEE1252E0CB8B00090D26D /* Exceptions for "macOS (Extension)" folder in "ChangeBlueBirdLogoBack Extension (macOS)" target */,
			);
			path = "macOS (Extension)";
			sourceTree = "<group>";
		};
/* End PBXFileSystemSynchronizedRootGroup section */

/* Begin PBXFrameworksBuildPhase section */
		2FAEE0C72E0CB8AF0090D26D /* Frameworks */ = {
			isa = PBXFrameworksBuildPhase;
			buildActionMask = 2147483647;
			files = (
			);
			runOnlyForDeploymentPostprocessing = 0;
		};
		2FAEE0D92E0CB8AF0090D26D /* Frameworks */ = {
			isa = PBXFrameworksBuildPhase;
			buildActionMask = 2147483647;
			files = (
			);
			runOnlyForDeploymentPostprocessing = 0;
		};
		2FAEE0E52E0CB8AF0090D26D /* Frameworks */ = {
			isa = PBXFrameworksBuildPhase;
			buildActionMask = 2147483647;
			files = (
			);
			runOnlyForDeploymentPostprocessing = 0;
		};
		2FAEE0EF2E0CB8AF0090D26D /* Frameworks */ = {
			isa = PBXFrameworksBuildPhase;
			buildActionMask = 2147483647;
			files = (
			);
			runOnlyForDeploymentPostprocessing = 0;
		};
/* End PBXFrameworksBuildPhase section */

/* Begin PBXGroup section */
		2FAEE0AD2E0CB8AD0090D26D = {
			isa = PBXGroup;
			children = (
				2FAEE0B22E0CB8AD0090D26D /* Shared (App) */,
				2FAEE0BB2E0CB8AF0090D26D /* Shared (Extension) */,
				2FAEE0CC2E0CB8AF0090D26D /* iOS (App) */,
				2FAEE0DD2E0CB8AF0090D26D /* macOS (App) */,
				2FAEE0EC2E0CB8AF0090D26D /* iOS (Extension) */,
				2FAEE0F62E0CB8AF0090D26D /* macOS (Extension) */,
				2FAEE0CB2E0CB8AF0090D26D /* Products */,
			);
			sourceTree = "<group>";
		};
		2FAEE0CB2E0CB8AF0090D26D /* Products */ = {
			isa = PBXGroup;
			children = (
				2FAEE0CA2E0CB8AF0090D26D /* ChangeBlueBirdLogoBack.app */,
				2FAEE0DC2E0CB8AF0090D26D /* ChangeBlueBirdLogoBack.app */,
				2FAEE0E82E0CB8AF0090D26D /* ChangeBlueBirdLogoBack Extension.appex */,
				2FAEE0F22E0CB8AF0090D26D /* ChangeBlueBirdLogoBack Extension.appex */,
			);
			name = Products;
			sourceTree = "<group>";
		};
/* End PBXGroup section */

/* Begin PBXNativeTarget section */
		2FAEE0C92E0CB8AF0090D26D /* ChangeBlueBirdLogoBack (iOS) */ = {
			isa = PBXNativeTarget;
			buildConfigurationList = 2FAEE11D2E0CB8B00090D26D /* Build configuration list for PBXNativeTarget "ChangeBlueBirdLogoBack (iOS)" */;
			buildPhases = (
				2FAEE0C62E0CB8AF0090D26D /* Sources */,
				2FAEE0C72E0CB8AF0090D26D /* Frameworks */,
				2FAEE0C82E0CB8AF0090D26D /* Resources */,
				2FAEE11C2E0CB8B00090D26D /* Embed Foundation Extensions */,
			);
			buildRules = (
			);
			dependencies = (
				2FAEE0EB2E0CB8AF0090D26D /* PBXTargetDependency */,
			);
			fileSystemSynchronizedGroups = (
				2FAEE0CC2E0CB8AF0090D26D /* iOS (App) */,
			);
			name = "ChangeBlueBirdLogoBack (iOS)";
			packageProductDependencies = (
			);
			productName = "ChangeBlueBirdLogoBack (iOS)";
			productReference = 2FAEE0CA2E0CB8AF0090D26D /* ChangeBlueBirdLogoBack.app */;
			productType = "com.apple.product-type.application";
		};
		2FAEE0DB2E0CB8AF0090D26D /* ChangeBlueBirdLogoBack (macOS) */ = {
			isa = PBXNativeTarget;
			buildConfigurationList = 2FAEE1272E0CB8B00090D26D /* Build configuration list for PBXNativeTarget "ChangeBlueBirdLogoBack (macOS)" */;
			buildPhases = (
				2FAEE0D82E0CB8AF0090D26D /* Sources */,
				2FAEE0D92E0CB8AF0090D26D /* Frameworks */,
				2FAEE0DA2E0CB8AF0090D26D /* Resources */,
				2FAEE1262E0CB8B00090D26D /* Embed Foundation Extensions */,
			);
			buildRules = (
			);
			dependencies = (
				2FAEE0F52E0CB8AF0090D26D /* PBXTargetDependency */,
			);
			fileSystemSynchronizedGroups = (
				2FAEE0DD2E0CB8AF0090D26D /* macOS (App) */,
			);
			name = "ChangeBlueBirdLogoBack (macOS)";
			packageProductDependencies = (
			);
			productName = "ChangeBlueBirdLogoBack (macOS)";
			productReference = 2FAEE0DC2E0CB8AF0090D26D /* ChangeBlueBirdLogoBack.app */;
			productType = "com.apple.product-type.application";
		};
		2FAEE0E72E0CB8AF0090D26D /* ChangeBlueBirdLogoBack Extension (iOS) */ = {
			isa = PBXNativeTarget;
			buildConfigurationList = 2FAEE1182E0CB8B00090D26D /* Build configuration list for PBXNativeTarget "ChangeBlueBirdLogoBack Extension (iOS)" */;
			buildPhases = (
				2FAEE0E42E0CB8AF0090D26D /* Sources */,
				2FAEE0E52E0CB8AF0090D26D /* Frameworks */,
				2FAEE0E62E0CB8AF0090D26D /* Resources */,
			);
			buildRules = (
			);
			dependencies = (
			);
			fileSystemSynchronizedGroups = (
				2FAEE0EC2E0CB8AF0090D26D /* iOS (Extension) */,
			);
			name = "ChangeBlueBirdLogoBack Extension (iOS)";
			packageProductDependencies = (
			);
			productName = "ChangeBlueBirdLogoBack Extension (iOS)";
			productReference = 2FAEE0E82E0CB8AF0090D26D /* ChangeBlueBirdLogoBack Extension.appex */;
			productType = "com.apple.product-type.app-extension";
		};
		2FAEE0F12E0CB8AF0090D26D /* ChangeBlueBirdLogoBack Extension (macOS) */ = {
			isa = PBXNativeTarget;
			buildConfigurationList = 2FAEE1222E0CB8B00090D26D /* Build configuration list for PBXNativeTarget "ChangeBlueBirdLogoBack Extension (macOS)" */;
			buildPhases = (
				2FAEE0EE2E0CB8AF0090D26D /* Sources */,
				2FAEE0EF2E0CB8AF0090D26D /* Frameworks */,
				2FAEE0F02E0CB8AF0090D26D /* Resources */,
			);
			buildRules = (
			);
			dependencies = (
			);
			fileSystemSynchronizedGroups = (
				2FAEE0F62E0CB8AF0090D26D /* macOS (Extension) */,
			);
			name = "ChangeBlueBirdLogoBack Extension (macOS)";
			packageProductDependencies = (
			);
			productName = "ChangeBlueBirdLogoBack Extension (macOS)";
			productReference = 2FAEE0F22E0CB8AF0090D26D /* ChangeBlueBirdLogoBack Extension.appex */;
			productType = "com.apple.product-type.app-extension";
		};
/* End PBXNativeTarget section */

/* Begin PBXProject section */
		2FAEE0AE2E0CB8AD0090D26D /* Project object */ = {
			isa = PBXProject;
			attributes = {
				BuildIndependentTargetsInParallel = 1;
				LastSwiftUpdateCheck = 1640;
				LastUpgradeCheck = 1640;
				TargetAttributes = {
					2FAEE0C92E0CB8AF0090D26D = {
						CreatedOnToolsVersion = 16.4;
					};
					2FAEE0DB2E0CB8AF0090D26D = {
						CreatedOnToolsVersion = 16.4;
					};
					2FAEE0E72E0CB8AF0090D26D = {
						CreatedOnToolsVersion = 16.4;
					};
					2FAEE0F12E0CB8AF0090D26D = {
						CreatedOnToolsVersion = 16.4;
					};
				};
			};
			buildConfigurationList = 2FAEE0B12E0CB8AD0090D26D /* Build configuration list for PBXProject "ChangeBlueBirdLogoBack" */;
			developmentRegion = en;
			hasScannedForEncodings = 0;
			knownRegions = (
				en,
				Base,
			);
			mainGroup = 2FAEE0AD2E0CB8AD0090D26D;
			minimizedProjectReferenceProxies = 1;
			preferredProjectObjectVersion = 77;
			productRefGroup = 2FAEE0CB2E0CB8AF0090D26D /* Products */;
			projectDirPath = "";
			projectRoot = "";
			targets = (
				2FAEE0C92E0CB8AF0090D26D /* ChangeBlueBirdLogoBack (iOS) */,
				2FAEE0DB2E0CB8AF0090D26D /* ChangeBlueBirdLogoBack (macOS) */,
				2FAEE0E72E0CB8AF0090D26D /* ChangeBlueBirdLogoBack Extension (iOS) */,
				2FAEE0F12E0CB8AF0090D26D /* ChangeBlueBirdLogoBack Extension (macOS) */,
			);
		};
/* End PBXProject section */

/* Begin PBXResourcesBuildPhase section */
		2FAEE0C82E0CB8AF0090D26D /* Resources */ = {
			isa = PBXResourcesBuildPhase;
			buildActionMask = 2147483647;
			files = (
			);
			runOnlyForDeploymentPostprocessing = 0;
		};
		2FAEE0DA2E0CB8AF0090D26D /* Resources */ = {
			isa = PBXResourcesBuildPhase;
			buildActionMask = 2147483647;
			files = (
			);
			runOnlyForDeploymentPostprocessing = 0;
		};
		2FAEE0E62E0CB8AF0090D26D /* Resources */ = {
			isa = PBXResourcesBuildPhase;
			buildActionMask = 2147483647;
			files = (
			);
			runOnlyForDeploymentPostprocessing = 0;
		};
		2FAEE0F02E0CB8AF0090D26D /* Resources */ = {
			isa = PBXResourcesBuildPhase;
			buildActionMask = 2147483647;
			files = (
			);
			runOnlyForDeploymentPostprocessing = 0;
		};
/* End PBXResourcesBuildPhase section */

/* Begin PBXSourcesBuildPhase section */
		2FAEE0C62E0CB8AF0090D26D /* Sources */ = {
			isa = PBXSourcesBuildPhase;
			buildActionMask = 2147483647;
			files = (
			);
			runOnlyForDeploymentPostprocessing = 0;
		};
		2FAEE0D82E0CB8AF0090D26D /* Sources */ = {
			isa = PBXSourcesBuildPhase;
			buildActionMask = 2147483647;
			files = (
			);
			runOnlyForDeploymentPostprocessing = 0;
		};
		2FAEE0E42E0CB8AF0090D26D /* Sources */ = {
			isa = PBXSourcesBuildPhase;
			buildActionMask = 2147483647;
			files = (
			);
			runOnlyForDeploymentPostprocessing = 0;
		};
		2FAEE0EE2E0CB8AF0090D26D /* Sources */ = {
			isa = PBXSourcesBuildPhase;
			buildActionMask = 2147483647;
			files = (
			);
			runOnlyForDeploymentPostprocessing = 0;
		};
/* End PBXSourcesBuildPhase section */

/* Begin PBXTargetDependency section */
		2FAEE0EB2E0CB8AF0090D26D /* PBXTargetDependency */ = {
			isa = PBXTargetDependency;
			target = 2FAEE0E72E0CB8AF0090D26D /* ChangeBlueBirdLogoBack Extension (iOS) */;
			targetProxy = 2FAEE0EA2E0CB8AF0090D26D /* PBXContainerItemProxy */;
		};
		2FAEE0F52E0CB8AF0090D26D /* PBXTargetDependency */ = {
			isa = PBXTargetDependency;
			target = 2FAEE0F12E0CB8AF0090D26D /* ChangeBlueBirdLogoBack Extension (macOS) */;
			targetProxy = 2FAEE0F42E0CB8AF0090D26D /* PBXContainerItemProxy */;
		};
/* End PBXTargetDependency section */

/* Begin XCBuildConfiguration section */
		2FAEE1192E0CB8B00090D26D /* Debug */ = {
			isa = XCBuildConfiguration;
			buildSettings = {
				CODE_SIGN_STYLE = Automatic;
				CURRENT_PROJECT_VERSION = 1.0.19;
				DEVELOPMENT_TEAM = 84ML4G2PN8;
				GENERATE_INFOPLIST_FILE = YES;
				INFOPLIST_FILE = "iOS (Extension)/Info.plist";
				INFOPLIST_KEY_CFBundleDisplayName = "ChangeBlueBirdLogoBack Extension";
				INFOPLIST_KEY_NSHumanReadableCopyright = "";
				IPHONEOS_DEPLOYMENT_TARGET = 15.0;
				LD_RUNPATH_SEARCH_PATHS = (
					"$(inherited)",
					"@executable_path/Frameworks",
					"@executable_path/../../Frameworks",
				);
				MARKETING_VERSION = 1.0.19;
				OTHER_LDFLAGS = (
					"-framework",
					SafariServices,
				);
				PRODUCT_BUNDLE_IDENTIFIER = io.github.TaYaKi71751.ChangeBlueBirdLogoBack.Extension;
				PRODUCT_NAME = "ChangeBlueBirdLogoBack Extension";
				SDKROOT = iphoneos;
				SKIP_INSTALL = YES;
				SWIFT_EMIT_LOC_STRINGS = YES;
				SWIFT_VERSION = 5.0;
				TARGETED_DEVICE_FAMILY = "1,2";
			};
			name = Debug;
		};
		2FAEE11A2E0CB8B00090D26D /* Release */ = {
			isa = XCBuildConfiguration;
			buildSettings = {
				CODE_SIGN_STYLE = Automatic;
				CURRENT_PROJECT_VERSION = 1.0.19;
				DEVELOPMENT_TEAM = 84ML4G2PN8;
				GENERATE_INFOPLIST_FILE = YES;
				INFOPLIST_FILE = "iOS (Extension)/Info.plist";
				INFOPLIST_KEY_CFBundleDisplayName = "ChangeBlueBirdLogoBack Extension";
				INFOPLIST_KEY_NSHumanReadableCopyright = "";
				IPHONEOS_DEPLOYMENT_TARGET = 15.0;
				LD_RUNPATH_SEARCH_PATHS = (
					"$(inherited)",
					"@executable_path/Frameworks",
					"@executable_path/../../Frameworks",
				);
				MARKETING_VERSION = 1.0.19;
				OTHER_LDFLAGS = (
					"-framework",
					SafariServices,
				);
				PRODUCT_BUNDLE_IDENTIFIER = io.github.TaYaKi71751.ChangeBlueBirdLogoBack.Extension;
				PRODUCT_NAME = "ChangeBlueBirdLogoBack Extension";
				SDKROOT = iphoneos;
				SKIP_INSTALL = YES;
				SWIFT_EMIT_LOC_STRINGS = YES;
				SWIFT_VERSION = 5.0;
				TARGETED_DEVICE_FAMILY = "1,2";
				VALIDATE_PRODUCT = YES;
			};
			name = Release;
		};
		2FAEE11E2E0CB8B00090D26D /* Debug */ = {
			isa = XCBuildConfiguration;
			buildSettings = {
				ASSETCATALOG_COMPILER_APPICON_NAME = AppIcon;
				ASSETCATALOG_COMPILER_GLOBAL_ACCENT_COLOR_NAME = AccentColor;
				CODE_SIGN_STYLE = Automatic;
				CURRENT_PROJECT_VERSION = 1.0.19;
				DEVELOPMENT_TEAM = 84ML4G2PN8;
				GENERATE_INFOPLIST_FILE = YES;
				INFOPLIST_FILE = "iOS (App)/Info.plist";
				INFOPLIST_KEY_CFBundleDisplayName = ChangeBlueBirdLogoBack;
				INFOPLIST_KEY_LSApplicationCategoryType = "public.app-category.utilities";
				INFOPLIST_KEY_UIApplicationSupportsIndirectInputEvents = YES;
				INFOPLIST_KEY_UILaunchStoryboardName = LaunchScreen;
				INFOPLIST_KEY_UIMainStoryboardFile = Main;
				INFOPLIST_KEY_UISupportedInterfaceOrientations = "UIInterfaceOrientationPortrait UIInterfaceOrientationLandscapeLeft UIInterfaceOrientationLandscapeRight";
				INFOPLIST_KEY_UISupportedInterfaceOrientations_iPad = "UIInterfaceOrientationPortrait UIInterfaceOrientationPortraitUpsideDown UIInterfaceOrientationLandscapeLeft UIInterfaceOrientationLandscapeRight";
				IPHONEOS_DEPLOYMENT_TARGET = 15.0;
				LD_RUNPATH_SEARCH_PATHS = (
					"$(inherited)",
					"@executable_path/Frameworks",
				);
				MARKETING_VERSION = 1.0.19;
				OTHER_LDFLAGS = (
					"-framework",
					SafariServices,
					"-framework",
					WebKit,
				);
				PRODUCT_BUNDLE_IDENTIFIER = io.github.TaYaKi71751.ChangeBlueBirdLogoBack;
				PRODUCT_NAME = ChangeBlueBirdLogoBack;
				SDKROOT = iphoneos;
				SWIFT_EMIT_LOC_STRINGS = YES;
				SWIFT_VERSION = 5.0;
				TARGETED_DEVICE_FAMILY = "1,2";
			};
			name = Debug;
		};
		2FAEE11F2E0CB8B00090D26D /* Release */ = {
			isa = XCBuildConfiguration;
			buildSettings = {
				ASSETCATALOG_COMPILER_APPICON_NAME = AppIcon;
				ASSETCATALOG_COMPILER_GLOBAL_ACCENT_COLOR_NAME = AccentColor;
				CODE_SIGN_STYLE = Automatic;
				CURRENT_PROJECT_VERSION = 1.0.19;
				DEVELOPMENT_TEAM = 84ML4G2PN8;
				GENERATE_INFOPLIST_FILE = YES;
				INFOPLIST_FILE = "iOS (App)/Info.plist";
				INFOPLIST_KEY_CFBundleDisplayName = ChangeBlueBirdLogoBack;
				INFOPLIST_KEY_LSApplicationCategoryType = "public.app-category.utilities";
				INFOPLIST_KEY_UIApplicationSupportsIndirectInputEvents = YES;
				INFOPLIST_KEY_UILaunchStoryboardName = LaunchScreen;
				INFOPLIST_KEY_UIMainStoryboardFile = Main;
				INFOPLIST_KEY_UISupportedInterfaceOrientations = "UIInterfaceOrientationPortrait UIInterfaceOrientationLandscapeLeft UIInterfaceOrientationLandscapeRight";
				INFOPLIST_KEY_UISupportedInterfaceOrientations_iPad = "UIInterfaceOrientationPortrait UIInterfaceOrientationPortraitUpsideDown UIInterfaceOrientationLandscapeLeft UIInterfaceOrientationLandscapeRight";
				IPHONEOS_DEPLOYMENT_TARGET = 15.0;
				LD_RUNPATH_SEARCH_PATHS = (
					"$(inherited)",
					"@executable_path/Frameworks",
				);
				MARKETING_VERSION = 1.0.19;
				OTHER_LDFLAGS = (
					"-framework",
					SafariServices,
					"-framework",
					WebKit,
				);
				PRODUCT_BUNDLE_IDENTIFIER = io.github.TaYaKi71751.ChangeBlueBirdLogoBack;
				PRODUCT_NAME = ChangeBlueBirdLogoBack;
				SDKROOT = iphoneos;
				SWIFT_EMIT_LOC_STRINGS = YES;
				SWIFT_VERSION = 5.0;
				TARGETED_DEVICE_FAMILY = "1,2";
				VALIDATE_PRODUCT = YES;
			};
			name = Release;
		};
		2FAEE1232E0CB8B00090D26D /* Debug */ = {
			isa = XCBuildConfiguration;
			buildSettings = {
				CODE_SIGN_ENTITLEMENTS = "macOS (Extension)/ChangeBlueBirdLogoBack.entitlements";
				CODE_SIGN_STYLE = Automatic;
				CURRENT_PROJECT_VERSION = 1.0.19;
				DEVELOPMENT_TEAM = 84ML4G2PN8;
				ENABLE_HARDENED_RUNTIME = YES;
				GENERATE_INFOPLIST_FILE = YES;
				INFOPLIST_FILE = "macOS (Extension)/Info.plist";
				INFOPLIST_KEY_CFBundleDisplayName = "ChangeBlueBirdLogoBack Extension";
				INFOPLIST_KEY_NSHumanReadableCopyright = "";
				LD_RUNPATH_SEARCH_PATHS = (
					"$(inherited)",
					"@executable_path/../Frameworks",
					"@executable_path/../../../../Frameworks",
				);
				MACOSX_DEPLOYMENT_TARGET = 10.14;
				MARKETING_VERSION = 1.0.19;
				OTHER_LDFLAGS = (
					"-framework",
					SafariServices,
				);
				PRODUCT_BUNDLE_IDENTIFIER = io.github.TaYaKi71751.ChangeBlueBirdLogoBack.Extension;
				PRODUCT_NAME = "ChangeBlueBirdLogoBack Extension";
				SDKROOT = macosx;
				SKIP_INSTALL = YES;
				SWIFT_EMIT_LOC_STRINGS = YES;
				SWIFT_VERSION = 5.0;
			};
			name = Debug;
		};
		2FAEE1242E0CB8B00090D26D /* Release */ = {
			isa = XCBuildConfiguration;
			buildSettings = {
				CODE_SIGN_ENTITLEMENTS = "macOS (Extension)/ChangeBlueBirdLogoBack.entitlements";
				CODE_SIGN_STYLE = Automatic;
				CURRENT_PROJECT_VERSION = 1.0.19;
				DEVELOPMENT_TEAM = 84ML4G2PN8;
				ENABLE_HARDENED_RUNTIME = YES;
				GENERATE_INFOPLIST_FILE = YES;
				INFOPLIST_FILE = "macOS (Extension)/Info.plist";
				INFOPLIST_KEY_CFBundleDisplayName = "ChangeBlueBirdLogoBack Extension";
				INFOPLIST_KEY_NSHumanReadableCopyright = "";
				LD_RUNPATH_SEARCH_PATHS = (
					"$(inherited)",
					"@executable_path/../Frameworks",
					"@executable_path/../../../../Frameworks",
				);
				MACOSX_DEPLOYMENT_TARGET = 10.14;
				MARKETING_VERSION = 1.0.19;
				OTHER_LDFLAGS = (
					"-framework",
					SafariServices,
				);
				PRODUCT_BUNDLE_IDENTIFIER = io.github.TaYaKi71751.ChangeBlueBirdLogoBack.Extension;
				PRODUCT_NAME = "ChangeBlueBirdLogoBack Extension";
				SDKROOT = macosx;
				SKIP_INSTALL = YES;
				SWIFT_EMIT_LOC_STRINGS = YES;
				SWIFT_VERSION = 5.0;
			};
			name = Release;
		};
		2FAEE1282E0CB8B00090D26D /* Debug */ = {
			isa = XCBuildConfiguration;
			buildSettings = {
				ASSETCATALOG_COMPILER_APPICON_NAME = AppIcon;
				ASSETCATALOG_COMPILER_GLOBAL_ACCENT_COLOR_NAME = AccentColor;
				CODE_SIGN_ENTITLEMENTS = "macOS (App)/ChangeBlueBirdLogoBack.entitlements";
				CODE_SIGN_STYLE = Automatic;
				CURRENT_PROJECT_VERSION = 1.0.19;
				DEVELOPMENT_TEAM = 84ML4G2PN8;
				ENABLE_HARDENED_RUNTIME = YES;
				GENERATE_INFOPLIST_FILE = YES;
				INFOPLIST_KEY_CFBundleDisplayName = ChangeBlueBirdLogoBack;
				INFOPLIST_KEY_LSApplicationCategoryType = "public.app-category.utilities";
				INFOPLIST_KEY_NSMainStoryboardFile = Main;
				INFOPLIST_KEY_NSPrincipalClass = NSApplication;
				LD_RUNPATH_SEARCH_PATHS = (
					"$(inherited)",
					"@executable_path/../Frameworks",
				);
				MACOSX_DEPLOYMENT_TARGET = 10.14;
				MARKETING_VERSION = 1.0.19;
				OTHER_LDFLAGS = (
					"-framework",
					SafariServices,
					"-framework",
					WebKit,
				);
				PRODUCT_BUNDLE_IDENTIFIER = io.github.TaYaKi71751.ChangeBlueBirdLogoBack;
				PRODUCT_NAME = ChangeBlueBirdLogoBack;
				REGISTER_APP_GROUPS = YES;
				SDKROOT = macosx;
				SWIFT_EMIT_LOC_STRINGS = YES;
				SWIFT_VERSION = 5.0;
			};
			name = Debug;
		};
		2FAEE1292E0CB8B00090D26D /* Release */ = {
			isa = XCBuildConfiguration;
			buildSettings = {
				ASSETCATALOG_COMPILER_APPICON_NAME = AppIcon;
				ASSETCATALOG_COMPILER_GLOBAL_ACCENT_COLOR_NAME = AccentColor;
				CODE_SIGN_ENTITLEMENTS = "macOS (App)/ChangeBlueBirdLogoBack.entitlements";
				CODE_SIGN_STYLE = Automatic;
				CURRENT_PROJECT_VERSION = 1.0.19;
				DEVELOPMENT_TEAM = 84ML4G2PN8;
				ENABLE_HARDENED_RUNTIME = YES;
				GENERATE_INFOPLIST_FILE = YES;
				INFOPLIST_KEY_CFBundleDisplayName = ChangeBlueBirdLogoBack;
				INFOPLIST_KEY_LSApplicationCategoryType = "public.app-category.utilities";
				INFOPLIST_KEY_NSMainStoryboardFile = Main;
				INFOPLIST_KEY_NSPrincipalClass = NSApplication;
				LD_RUNPATH_SEARCH_PATHS = (
					"$(inherited)",
					"@executable_path/../Frameworks",
				);
				MACOSX_DEPLOYMENT_TARGET = 10.14;
				MARKETING_VERSION = 1.0.19;
				OTHER_LDFLAGS = (
					"-framework",
					SafariServices,
					"-framework",
					WebKit,
				);
				PRODUCT_BUNDLE_IDENTIFIER = io.github.TaYaKi71751.ChangeBlueBirdLogoBack;
				PRODUCT_NAME = ChangeBlueBirdLogoBack;
				REGISTER_APP_GROUPS = YES;
				SDKROOT = macosx;
				SWIFT_EMIT_LOC_STRINGS = YES;
				SWIFT_VERSION = 5.0;
			};
			name = Release;
		};
		2FAEE12C2E0CB8B00090D26D /* Debug */ = {
			isa = XCBuildConfiguration;
			buildSettings = {
				ALWAYS_SEARCH_USER_PATHS = NO;
				ASSETCATALOG_COMPILER_GENERATE_SWIFT_ASSET_SYMBOL_EXTENSIONS = YES;
				CLANG_ANALYZER_NONNULL = YES;
				CLANG_ANALYZER_NUMBER_OBJECT_CONVERSION = YES_AGGRESSIVE;
				CLANG_CXX_LANGUAGE_STANDARD = "gnu++20";
				CLANG_ENABLE_MODULES = YES;
				CLANG_ENABLE_OBJC_ARC = YES;
				CLANG_ENABLE_OBJC_WEAK = YES;
				CLANG_WARN_BLOCK_CAPTURE_AUTORELEASING = YES;
				CLANG_WARN_BOOL_CONVERSION = YES;
				CLANG_WARN_COMMA = YES;
				CLANG_WARN_CONSTANT_CONVERSION = YES;
				CLANG_WARN_DEPRECATED_OBJC_IMPLEMENTATIONS = YES;
				CLANG_WARN_DIRECT_OBJC_ISA_USAGE = YES_ERROR;
				CLANG_WARN_DOCUMENTATION_COMMENTS = YES;
				CLANG_WARN_EMPTY_BODY = YES;
				CLANG_WARN_ENUM_CONVERSION = YES;
				CLANG_WARN_INFINITE_RECURSION = YES;
				CLANG_WARN_INT_CONVERSION = YES;
				CLANG_WARN_NON_LITERAL_NULL_CONVERSION = YES;
				CLANG_WARN_OBJC_IMPLICIT_RETAIN_SELF = YES;
				CLANG_WARN_OBJC_LITERAL_CONVERSION = YES;
				CLANG_WARN_OBJC_ROOT_CLASS = YES_ERROR;
				CLANG_WARN_QUOTED_INCLUDE_IN_FRAMEWORK_HEADER = YES;
				CLANG_WARN_RANGE_LOOP_ANALYSIS = YES;
				CLANG_WARN_STRICT_PROTOTYPES = YES;
				CLANG_WARN_SUSPICIOUS_MOVE = YES;
				CLANG_WARN_UNGUARDED_AVAILABILITY = YES_AGGRESSIVE;
				CLANG_WARN_UNREACHABLE_CODE = YES;
				CLANG_WARN__DUPLICATE_METHOD_MATCH = YES;
				COPY_PHASE_STRIP = NO;
				DEBUG_INFORMATION_FORMAT = dwarf;
				DEVELOPMENT_TEAM = 84ML4G2PN8;
				ENABLE_STRICT_OBJC_MSGSEND = YES;
				ENABLE_TESTABILITY = YES;
				ENABLE_USER_SCRIPT_SANDBOXING = YES;
				GCC_C_LANGUAGE_STANDARD = gnu17;
				GCC_DYNAMIC_NO_PIC = NO;
				GCC_NO_COMMON_BLOCKS = YES;
				GCC_OPTIMIZATION_LEVEL = 0;
				GCC_PREPROCESSOR_DEFINITIONS = (
					"DEBUG=1",
					"$(inherited)",
				);
				GCC_WARN_64_TO_32_BIT_CONVERSION = YES;
				GCC_WARN_ABOUT_RETURN_TYPE = YES_ERROR;
				GCC_WARN_UNDECLARED_SELECTOR = YES;
				GCC_WARN_UNINITIALIZED_AUTOS = YES_AGGRESSIVE;
				GCC_WARN_UNUSED_FUNCTION = YES;
				GCC_WARN_UNUSED_VARIABLE = YES;
				LOCALIZATION_PREFERS_STRING_CATALOGS = YES;
				MTL_ENABLE_DEBUG_INFO = INCLUDE_SOURCE;
				MTL_FAST_MATH = YES;
				ONLY_ACTIVE_ARCH = YES;
				SWIFT_ACTIVE_COMPILATION_CONDITIONS = "DEBUG $(inherited)";
				SWIFT_OPTIMIZATION_LEVEL = "-Onone";
			};
			name = Debug;
		};
		2FAEE12D2E0CB8B00090D26D /* Release */ = {
			isa = XCBuildConfiguration;
			buildSettings = {
				ALWAYS_SEARCH_USER_PATHS = NO;
				ASSETCATALOG_COMPILER_GENERATE_SWIFT_ASSET_SYMBOL_EXTENSIONS = YES;
				CLANG_ANALYZER_NONNULL = YES;
				CLANG_ANALYZER_NUMBER_OBJECT_CONVERSION = YES_AGGRESSIVE;
				CLANG_CXX_LANGUAGE_STANDARD = "gnu++20";
				CLANG_ENABLE_MODULES = YES;
				CLANG_ENABLE_OBJC_ARC = YES;
				CLANG_ENABLE_OBJC_WEAK = YES;
				CLANG_WARN_BLOCK_CAPTURE_AUTORELEASING = YES;
				CLANG_WARN_BOOL_CONVERSION = YES;
				CLANG_WARN_COMMA = YES;
				CLANG_WARN_CONSTANT_CONVERSION = YES;
				CLANG_WARN_DEPRECATED_OBJC_IMPLEMENTATIONS = YES;
				CLANG_WARN_DIRECT_OBJC_ISA_USAGE = YES_ERROR;
				CLANG_WARN_DOCUMENTATION_COMMENTS = YES;
				CLANG_WARN_EMPTY_BODY = YES;
				CLANG_WARN_ENUM_CONVERSION = YES;
				CLANG_WARN_INFINITE_RECURSION = YES;
				CLANG_WARN_INT_CONVERSION = YES;
				CLANG_WARN_NON_LITERAL_NULL_CONVERSION = YES;
				CLANG_WARN_OBJC_IMPLICIT_RETAIN_SELF = YES;
				CLANG_WARN_OBJC_LITERAL_CONVERSION = YES;
				CLANG_WARN_OBJC_ROOT_CLASS = YES_ERROR;
				CLANG_WARN_QUOTED_INCLUDE_IN_FRAMEWORK_HEADER = YES;
				CLANG_WARN_RANGE_LOOP_ANALYSIS = YES;
				CLANG_WARN_STRICT_PROTOTYPES = YES;
				CLANG_WARN_SUSPICIOUS_MOVE = YES;
				CLANG_WARN_UNGUARDED_AVAILABILITY = YES_AGGRESSIVE;
				CLANG_WARN_UNREACHABLE_CODE = YES;
				CLANG_WARN__DUPLICATE_METHOD_MATCH = YES;
				COPY_PHASE_STRIP = NO;
				DEBUG_INFORMATION_FORMAT = "dwarf-with-dsym";
				DEVELOPMENT_TEAM = 84ML4G2PN8;
				ENABLE_NS_ASSERTIONS = NO;
				ENABLE_STRICT_OBJC_MSGSEND = YES;
				ENABLE_USER_SCRIPT_SANDBOXING = YES;
				GCC_C_LANGUAGE_STANDARD = gnu17;
				GCC_NO_COMMON_BLOCKS = YES;
				GCC_WARN_64_TO_32_BIT_CONVERSION = YES;
				GCC_WARN_ABOUT_RETURN_TYPE = YES_ERROR;
				GCC_WARN_UNDECLARED_SELECTOR = YES;
				GCC_WARN_UNINITIALIZED_AUTOS = YES_AGGRESSIVE;
				GCC_WARN_UNUSED_FUNCTION = YES;
				GCC_WARN_UNUSED_VARIABLE = YES;
				LOCALIZATION_PREFERS_STRING_CATALOGS = YES;
				MTL_ENABLE_DEBUG_INFO = NO;
				MTL_FAST_MATH = YES;
				SWIFT_COMPILATION_MODE = wholemodule;
			};
			name = Release;
		};
/* End XCBuildConfiguration section */

/* Begin XCConfigurationList section */
		2FAEE0B12E0CB8AD0090D26D /* Build configuration list for PBXProject "ChangeBlueBirdLogoBack" */ = {
			isa = XCConfigurationList;
			buildConfigurations = (
				2FAEE12C2E0CB8B00090D26D /* Debug */,
				2FAEE12D2E0CB8B00090D26D /* Release */,
			);
			defaultConfigurationIsVisible = 0;
			defaultConfigurationName = Release;
		};
		2FAEE1182E0CB8B00090D26D /* Build configuration list for PBXNativeTarget "ChangeBlueBirdLogoBack Extension (iOS)" */ = {
			isa = XCConfigurationList;
			buildConfigurations = (
				2FAEE1192E0CB8B00090D26D /* Debug */,
				2FAEE11A2E0CB8B00090D26D /* Release */,
			);
			defaultConfigurationIsVisible = 0;
			defaultConfigurationName = Release;
		};
		2FAEE11D2E0CB8B00090D26D /* Build configuration list for PBXNativeTarget "ChangeBlueBirdLogoBack (iOS)" */ = {
			isa = XCConfigurationList;
			buildConfigurations = (
				2FAEE11E2E0CB8B00090D26D /* Debug */,
				2FAEE11F2E0CB8B00090D26D /* Release */,
			);
			defaultConfigurationIsVisible = 0;
			defaultConfigurationName = Release;
		};
		2FAEE1222E0CB8B00090D26D /* Build configuration list for PBXNativeTarget "ChangeBlueBirdLogoBack Extension (macOS)" */ = {
			isa = XCConfigurationList;
			buildConfigurations = (
				2FAEE1232E0CB8B00090D26D /* Debug */,
				2FAEE1242E0CB8B00090D26D /* Release */,
			);
			defaultConfigurationIsVisible = 0;
			defaultConfigurationName = Release;
		};
		2FAEE1272E0CB8B00090D26D /* Build configuration list for PBXNativeTarget "ChangeBlueBirdLogoBack (macOS)" */ = {
			isa = XCConfigurationList;
			buildConfigurations = (
				2FAEE1282E0CB8B00090D26D /* Debug */,
				2FAEE1292E0CB8B00090D26D /* Release */,
			);
			defaultConfigurationIsVisible = 0;
			defaultConfigurationName = Release;
		};
/* End XCConfigurationList section */
	};
	rootObject = 2FAEE0AE2E0CB8AD0090D26D /* Project object */;
}
